
Microsoft Visual Studio Solution File, Format Version 12.00
# Visual Studio Version 17
VisualStudioVersion = 17.1.32407.343
MinimumVisualStudioVersion = 10.0.40219.1
Project("{FAE04EC0-301F-11D3-BF4B-00C04F79EFBC}") = "854Prova_SergioDias", "854Prova_SergioDias.csproj", "{56E8F04D-42F7-4790-8467-15F60DA89CB1}"
EndProject
Global
	GlobalSection(SolutionConfigurationPlatforms) = preSolution
		Debug|Any CPU = Debug|Any CPU
		Release|Any CPU = Release|Any CPU
	EndGlobalSection
	GlobalSection(ProjectConfigurationPlatforms) = postSolution
		{56E8F04D-42F7-4790-8467-15F60DA89CB1}.Debug|Any CPU.ActiveCfg = Debug|Any CPU
		{56E8F04D-42F7-4790-8467-15F60DA89CB1}.Debug|Any CPU.Build.0 = Debug|Any CPU
		{56E8F04D-42F7-4790-8467-15F60DA89CB1}.Release|Any CPU.ActiveCfg = Release|Any CPU
		{56E8F04D-42F7-4790-8467-15F60DA89CB1}.Release|Any CPU.Build.0 = Release|Any CPU
	EndGlobalSection
	GlobalSection(SolutionProperties) = preSolution
		HideSolutionNode = FALSE
	EndGlobalSection
	GlobalSection(ExtensibilityGlobals) = postSolution
		SolutionGuid = {C1D548AA-D001-4222-9A45-4A7BC0866968}
	EndGlobalSection
EndGlobal
